// !$*UTF8*$!
{
	archiveVersion = 1;
	classes = {
	};
	objectVersion = 56;
	objects = {

/* Begin PBXBuildFile section */
		A50B05A62AA81E7500DEC394 /* OiVisionApp.swift in Sources */ = {isa = PBXBuildFile; fileRef = A50B05A52AA81E7500DEC394 /* OiVisionApp.swift */; };
		A50B05A82AA81E7500DEC394 /* ContentView.swift in Sources */ = {isa = PBXBuildFile; fileRef = A50B05A72AA81E7500DEC394 /* ContentView.swift */; };
		A50B05AA2AA81E7700DEC394 /* Assets.xcassets in Resources */ = {isa = PBXBuildFile; fileRef = A50B05A92AA81E7700DEC394 /* Assets.xcassets */; };
		A50B05AD2AA81E7700DEC394 /* Preview Assets.xcassets in Resources */ = {isa = PBXBuildFile; fileRef = A50B05AC2AA81E7700DEC394 /* Preview Assets.xcassets */; };
		A50B05B72AA81E7700DEC394 /* OiVisionTests.swift in Sources */ = {isa = PBXBuildFile; fileRef = A50B05B62AA81E7700DEC394 /* OiVisionTests.swift */; };
		A50B05C12AA81E7700DEC394 /* OiVisionUITests.swift in Sources */ = {isa = PBXBuildFile; fileRef = A50B05C02AA81E7700DEC394 /* OiVisionUITests.swift */; };
		A50B05C32AA81E7700DEC394 /* OiVisionUITestsLaunchTests.swift in Sources */ = {isa = PBXBuildFile; fileRef = A50B05C22AA81E7700DEC394 /* OiVisionUITestsLaunchTests.swift */; };
/* End PBXBuildFile section */

/* Begin PBXContainerItemProxy section */
		A50B05B32AA81E7700DEC394 /* PBXContainerItemProxy */ = {
			isa = PBXContainerItemProxy;
			containerPortal = A50B059A2AA81E7500DEC394 /* Project object */;
			proxyType = 1;
			remoteGlobalIDString = A50B05A12AA81E7500DEC394;
			remoteInfo = OiVision;
		};
		A50B05BD2AA81E7700DEC394 /* PBXContainerItemProxy */ = {
			isa = PBXContainerItemProxy;
			containerPortal = A50B059A2AA81E7500DEC394 /* Project object */;
			proxyType = 1;
			remoteGlobalIDString = A50B05A12AA81E7500DEC394;
			remoteInfo = OiVision;
		};
/* End PBXContainerItemProxy section */

/* Begin PBXFileReference section */
		A50B05A22AA81E7500DEC394 /* OiVision.app */ = {isa = PBXFileReference; explicitFileType = wrapper.application; includeInIndex = 0; path = OiVision.app; sourceTree = BUILT_PRODUCTS_DIR; };
		A50B05A52AA81E7500DEC394 /* OiVisionApp.swift */ = {isa = PBXFileReference; lastKnownFileType = sourcecode.swift; path = OiVisionApp.swift; sourceTree = "<group>"; };
		A50B05A72AA81E7500DEC394 /* ContentView.swift */ = {isa = PBXFileReference; lastKnownFileType = sourcecode.swift; path = ContentView.swift; sourceTree = "<group>"; };
		A50B05A92AA81E7700DEC394 /* Assets.xcassets */ = {isa = PBXFileReference; lastKnownFileType = folder.assetcatalog; path = Assets.xcassets; sourceTree = "<group>"; };
		A50B05AC2AA81E7700DEC394 /* Preview Assets.xcassets */ = {isa = PBXFileReference; lastKnownFileType = folder.assetcatalog; path = "Preview Assets.xcassets"; sourceTree = "<group>"; };
		A50B05B22AA81E7700DEC394 /* OiVisionTests.xctest */ = {isa = PBXFileReference; explicitFileType = wrapper.cfbundle; includeInIndex = 0; path = OiVisionTests.xctest; sourceTree = BUILT_PRODUCTS_DIR; };
		A50B05B62AA81E7700DEC394 /* OiVisionTests.swift */ = {isa = PBXFileReference; lastKnownFileType = sourcecode.swift; path = OiVisionTests.swift; sourceTree = "<group>"; };
		A50B05BC2AA81E7700DEC394 /* OiVisionUITests.xctest */ = {isa = PBXFileReference; explicitFileType = wrapper.cfbundle; includeInIndex = 0; path = OiVisionUITests.xctest; sourceTree = BUILT_PRODUCTS_DIR; };
		A50B05C02AA81E7700DEC394 /* OiVisionUITests.swift */ = {isa = PBXFileReference; lastKnownFileType = sourcecode.swift; path = OiVisionUITests.swift; sourceTree = "<group>"; };
		A50B05C22AA81E7700DEC394 /* OiVisionUITestsLaunchTests.swift */ = {isa = PBXFileReference; lastKnownFileType = sourcecode.swift; path = OiVisionUITestsLaunchTests.swift; sourceTree = "<group>"; };
/* End PBXFileReference section */

/* Begin PBXFrameworksBuildPhase section */
		A50B059F2AA81E7500DEC394 /* Frameworks */ = {
			isa = PBXFrameworksBuildPhase;
			buildActionMask = 2147483647;
			files = (
			);
			runOnlyForDeploymentPostprocessing = 0;
		};
		A50B05AF2AA81E7700DEC394 /* Frameworks */ = {
			isa = PBXFrameworksBuildPhase;
			buildActionMask = 2147483647;
			files = (
			);
			runOnlyForDeploymentPostprocessing = 0;
		};
		A50B05B92AA81E7700DEC394 /* Frameworks */ = {
			isa = PBXFrameworksBuildPhase;
			buildActionMask = 2147483647;
			files = (
			);
			runOnlyForDeploymentPostprocessing = 0;
		};
/* End PBXFrameworksBuildPhase section */

/* Begin PBXGroup section */
		A50B05992AA81E7500DEC394 = {
			isa = PBXGroup;
			children = (
				A50B05A42AA81E7500DEC394 /* OiVision */,
				A50B05B52AA81E7700DEC394 /* OiVisionTests */,
				A50B05BF2AA81E7700DEC394 /* OiVisionUITests */,
				A50B05A32AA81E7500DEC394 /* Products */,
			);
			sourceTree = "<group>";
		};
		A50B05A32AA81E7500DEC394 /* Products */ = {
			isa = PBXGroup;
			children = (
				A50B05A22AA81E7500DEC394 /* OiVision.app */,
				A50B05B22AA81E7700DEC394 /* OiVisionTests.xctest */,
				A50B05BC2AA81E7700DEC394 /* OiVisionUITests.xctest */,
			);
			name = Products;
			sourceTree = "<group>";
		};
		A50B05A42AA81E7500DEC394 /* OiVision */ = {
			isa = PBXGroup;
			children = (
				A50B05A52AA81E7500DEC394 /* OiVisionApp.swift */,
				A50B05A72AA81E7500DEC394 /* ContentView.swift */,
				A50B05A92AA81E7700DEC394 /* Assets.xcassets */,
				A50B05AB2AA81E7700DEC394 /* Preview Content */,
			);
			path = OiVision;
			sourceTree = "<group>";
		};
		A50B05AB2AA81E7700DEC394 /* Preview Content */ = {
			isa = PBXGroup;
			children = (
				A50B05AC2AA81E7700DEC394 /* Preview Assets.xcassets */,
			);
			path = "Preview Content";
			sourceTree = "<group>";
		};
		A50B05B52AA81E7700DEC394 /* OiVisionTests */ = {
			isa = PBXGroup;
			children = (
				A50B05B62AA81E7700DEC394 /* OiVisionTests.swift */,
			);
			path = OiVisionTests;
			sourceTree = "<group>";
		};
		A50B05BF2AA81E7700DEC394 /* OiVisionUITests */ = {
			isa = PBXGroup;
			children = (
				A50B05C02AA81E7700DEC394 /* OiVisionUITests.swift */,
				A50B05C22AA81E7700DEC394 /* OiVisionUITestsLaunchTests.swift */,
			);
			path = OiVisionUITests;
			sourceTree = "<group>";
		};
/* End PBXGroup section */

/* Begin PBXNativeTarget section */
		A50B05A12AA81E7500DEC394 /* OiVision */ = {
			isa = PBXNativeTarget;
			buildConfigurationList = A50B05C62AA81E7700DEC394 /* Build configuration list for PBXNativeTarget "OiVision" */;
			buildPhases = (
				A50B059E2AA81E7500DEC394 /* Sources */,
				A50B059F2AA81E7500DEC394 /* Frameworks */,
				A50B05A02AA81E7500DEC394 /* Resources */,
			);
			buildRules = (
			);
			dependencies = (
			);
			name = OiVision;
			productName = OiVision;
			productReference = A50B05A22AA81E7500DEC394 /* OiVision.app */;
			productType = "com.apple.product-type.application";
		};
		A50B05B12AA81E7700DEC394 /* OiVisionTests */ = {
			isa = PBXNativeTarget;
			buildConfigurationList = A50B05C92AA81E7700DEC394 /* Build configuration list for PBXNativeTarget "OiVisionTests" */;
			buildPhases = (
				A50B05AE2AA81E7700DEC394 /* Sources */,
				A50B05AF2AA81E7700DEC394 /* Frameworks */,
				A50B05B02AA81E7700DEC394 /* Resources */,
			);
			buildRules = (
			);
			dependencies = (
				A50B05B42AA81E7700DEC394 /* PBXTargetDependency */,
			);
			name = OiVisionTests;
			productName = OiVisionTests;
			productReference = A50B05B22AA81E7700DEC394 /* OiVisionTests.xctest */;
			productType = "com.apple.product-type.bundle.unit-test";
		};
		A50B05BB2AA81E7700DEC394 /* OiVisionUITests */ = {
			isa = PBXNativeTarget;
			buildConfigurationList = A50B05CC2AA81E7700DEC394 /* Build configuration list for PBXNativeTarget "OiVisionUITests" */;
			buildPhases = (
				A50B05B82AA81E7700DEC394 /* Sources */,
				A50B05B92AA81E7700DEC394 /* Frameworks */,
				A50B05BA2AA81E7700DEC394 /* Resources */,
			);
			buildRules = (
			);
			dependencies = (
				A50B05BE2AA81E7700DEC394 /* PBXTargetDependency */,
			);
			name = OiVisionUITests;
			productName = OiVisionUITests;
			productReference = A50B05BC2AA81E7700DEC394 /* OiVisionUITests.xctest */;
			productType = "com.apple.product-type.bundle.ui-testing";
		};
/* End PBXNativeTarget section */

/* Begin PBXProject section */
		A50B059A2AA81E7500DEC394 /* Project object */ = {
			isa = PBXProject;
			attributes = {
				BuildIndependentTargetsInParallel = 1;
				LastSwiftUpdateCheck = 1430;
				LastUpgradeCheck = 1430;
				TargetAttributes = {
					A50B05A12AA81E7500DEC394 = {
						CreatedOnToolsVersion = 14.3.1;
					};
					A50B05B12AA81E7700DEC394 = {
						CreatedOnToolsVersion = 14.3.1;
						TestTargetID = A50B05A12AA81E7500DEC394;
					};
					A50B05BB2AA81E7700DEC394 = {
						CreatedOnToolsVersion = 14.3.1;
						TestTargetID = A50B05A12AA81E7500DEC394;
					};
				};
			};
			buildConfigurationList = A50B059D2AA81E7500DEC394 /* Build configuration list for PBXProject "OiVision" */;
			compatibilityVersion = "Xcode 14.0";
			developmentRegion = en;
			hasScannedForEncodings = 0;
			knownRegions = (
				en,
				Base,
			);
			mainGroup = A50B05992AA81E7500DEC394;
			productRefGroup = A50B05A32AA81E7500DEC394 /* Products */;
			projectDirPath = "";
			projectRoot = "";
			targets = (
				A50B05A12AA81E7500DEC394 /* OiVision */,
				A50B05B12AA81E7700DEC394 /* OiVisionTests */,
				A50B05BB2AA81E7700DEC394 /* OiVisionUITests */,
			);
		};
/* End PBXProject section */

/* Begin PBXResourcesBuildPhase section */
		A50B05A02AA81E7500DEC394 /* Resources */ = {
			isa = PBXResourcesBuildPhase;
			buildActionMask = 2147483647;
			files = (
				A50B05AD2AA81E7700DEC394 /* Preview Assets.xcassets in Resources */,
				A50B05AA2AA81E7700DEC394 /* Assets.xcassets in Resources */,
			);
			runOnlyForDeploymentPostprocessing = 0;
		};
		A50B05B02AA81E7700DEC394 /* Resources */ = {
			isa = PBXResourcesBuildPhase;
			buildActionMask = 2147483647;
			files = (
			);
			runOnlyForDeploymentPostprocessing = 0;
		};
		A50B05BA2AA81E7700DEC394 /* Resources */ = {
			isa = PBXResourcesBuildPhase;
			buildActionMask = 2147483647;
			files = (
			);
			runOnlyForDeploymentPostprocessing = 0;
		};
/* End PBXResourcesBuildPhase section */

/* Begin PBXSourcesBuildPhase section */
		A50B059E2AA81E7500DEC394 /* Sources */ = {
			isa = PBXSourcesBuildPhase;
			buildActionMask = 2147483647;
			files = (
				A50B05A82AA81E7500DEC394 /* ContentView.swift in Sources */,
				A50B05A62AA81E7500DEC394 /* OiVisionApp.swift in Sources */,
			);
			runOnlyForDeploymentPostprocessing = 0;
		};
		A50B05AE2AA81E7700DEC394 /* Sources */ = {
			isa = PBXSourcesBuildPhase;
			buildActionMask = 2147483647;
			files = (
				A50B05B72AA81E7700DEC394 /* OiVisionTests.swift in Sources */,
			);
			runOnlyForDeploymentPostprocessing = 0;
		};
		A50B05B82AA81E7700DEC394 /* Sources */ = {
			isa = PBXSourcesBuildPhase;
			buildActionMask = 2147483647;
			files = (
				A50B05C32AA81E7700DEC394 /* OiVisionUITestsLaunchTests.swift in Sources */,
				A50B05C12AA81E7700DEC394 /* OiVisionUITests.swift in Sources */,
			);
			runOnlyForDeploymentPostprocessing = 0;
		};
/* End PBXSourcesBuildPhase section */

/* Begin PBXTargetDependency section */
		A50B05B42AA81E7700DEC394 /* PBXTargetDependency */ = {
			isa = PBXTargetDependency;
			target = A50B05A12AA81E7500DEC394 /* OiVision */;
			targetProxy = A50B05B32AA81E7700DEC394 /* PBXContainerItemProxy */;
		};
		A50B05BE2AA81E7700DEC394 /* PBXTargetDependency */ = {
			isa = PBXTargetDependency;
			target = A50B05A12AA81E7500DEC394 /* OiVision */;
			targetProxy = A50B05BD2AA81E7700DEC394 /* PBXContainerItemProxy */;
		};
/* End PBXTargetDependency section */

/* Begin XCBuildConfiguration section */
		A50B05C42AA81E7700DEC394 /* Debug */ = {
			isa = XCBuildConfiguration;
			buildSettings = {
				ALWAYS_SEARCH_USER_PATHS = NO;
				CLANG_ANALYZER_NONNULL = YES;
				CLANG_ANALYZER_NUMBER_OBJECT_CONVERSION = YES_AGGRESSIVE;
				CLANG_CXX_LANGUAGE_STANDARD = "gnu++20";
				CLANG_ENABLE_MODULES = YES;
				CLANG_ENABLE_OBJC_ARC = YES;
				CLANG_ENABLE_OBJC_WEAK = YES;
				CLANG_WARN_BLOCK_CAPTURE_AUTORELEASING = YES;
				CLANG_WARN_BOOL_CONVERSION = YES;
				CLANG_WARN_COMMA = YES;
				CLANG_WARN_CONSTANT_CONVERSION = YES;
				CLANG_WARN_DEPRECATED_OBJC_IMPLEMENTATIONS = YES;
				CLANG_WARN_DIRECT_OBJC_ISA_USAGE = YES_ERROR;
				CLANG_WARN_DOCUMENTATION_COMMENTS = YES;
				CLANG_WARN_EMPTY_BODY = YES;
				CLANG_WARN_ENUM_CONVERSION = YES;
				CLANG_WARN_INFINITE_RECURSION = YES;
				CLANG_WARN_INT_CONVERSION = YES;
				CLANG_WARN_NON_LITERAL_NULL_CONVERSION = YES;
				CLANG_WARN_OBJC_IMPLICIT_RETAIN_SELF = YES;
				CLANG_WARN_OBJC_LITERAL_CONVERSION = YES;
				CLANG_WARN_OBJC_ROOT_CLASS = YES_ERROR;
				CLANG_WARN_QUOTED_INCLUDE_IN_FRAMEWORK_HEADER = YES;
				CLANG_WARN_RANGE_LOOP_ANALYSIS = YES;
				CLANG_WARN_STRICT_PROTOTYPES = YES;
				CLANG_WARN_SUSPICIOUS_MOVE = YES;
				CLANG_WARN_UNGUARDED_AVAILABILITY = YES_AGGRESSIVE;
				CLANG_WARN_UNREACHABLE_CODE = YES;
				CLANG_WARN__DUPLICATE_METHOD_MATCH = YES;
				COPY_PHASE_STRIP = NO;
				DEBUG_INFORMATION_FORMAT = dwarf;
				ENABLE_STRICT_OBJC_MSGSEND = YES;
				ENABLE_TESTABILITY = YES;
				GCC_C_LANGUAGE_STANDARD = gnu11;
				GCC_DYNAMIC_NO_PIC = NO;
				GCC_NO_COMMON_BLOCKS = YES;
				GCC_OPTIMIZATION_LEVEL = 0;
				GCC_PREPROCESSOR_DEFINITIONS = (
					"DEBUG=1",
					"$(inherited)",
				);
				GCC_WARN_64_TO_32_BIT_CONVERSION = YES;
				GCC_WARN_ABOUT_RETURN_TYPE = YES_ERROR;
				GCC_WARN_UNDECLARED_SELECTOR = YES;
				GCC_WARN_UNINITIALIZED_AUTOS = YES_AGGRESSIVE;
				GCC_WARN_UNUSED_FUNCTION = YES;
				GCC_WARN_UNUSED_VARIABLE = YES;
				IPHONEOS_DEPLOYMENT_TARGET = 16.4;
				MTL_ENABLE_DEBUG_INFO = INCLUDE_SOURCE;
				MTL_FAST_MATH = YES;
				ONLY_ACTIVE_ARCH = YES;
				SDKROOT = iphoneos;
				SWIFT_ACTIVE_COMPILATION_CONDITIONS = DEBUG;
				SWIFT_OPTIMIZATION_LEVEL = "-Onone";
			};
			name = Debug;
		};
		A50B05C52AA81E7700DEC394 /* Release */ = {
			isa = XCBuildConfiguration;
			buildSettings = {
				ALWAYS_SEARCH_USER_PATHS = NO;
				CLANG_ANALYZER_NONNULL = YES;
				CLANG_ANALYZER_NUMBER_OBJECT_CONVERSION = YES_AGGRESSIVE;
				CLANG_CXX_LANGUAGE_STANDARD = "gnu++20";
				CLANG_ENABLE_MODULES = YES;
				CLANG_ENABLE_OBJC_ARC = YES;
				CLANG_ENABLE_OBJC_WEAK = YES;
				CLANG_WARN_BLOCK_CAPTURE_AUTORELEASING = YES;
				CLANG_WARN_BOOL_CONVERSION = YES;
				CLANG_WARN_COMMA = YES;
				CLANG_WARN_CONSTANT_CONVERSION = YES;
				CLANG_WARN_DEPRECATED_OBJC_IMPLEMENTATIONS = YES;
				CLANG_WARN_DIRECT_OBJC_ISA_USAGE = YES_ERROR;
				CLANG_WARN_DOCUMENTATION_COMMENTS = YES;
				CLANG_WARN_EMPTY_BODY = YES;
				CLANG_WARN_ENUM_CONVERSION = YES;
				CLANG_WARN_INFINITE_RECURSION = YES;
				CLANG_WARN_INT_CONVERSION = YES;
				CLANG_WARN_NON_LITERAL_NULL_CONVERSION = YES;
				CLANG_WARN_OBJC_IMPLICIT_RETAIN_SELF = YES;
				CLANG_WARN_OBJC_LITERAL_CONVERSION = YES;
				CLANG_WARN_OBJC_ROOT_CLASS = YES_ERROR;
				CLANG_WARN_QUOTED_INCLUDE_IN_FRAMEWORK_HEADER = YES;
				CLANG_WARN_RANGE_LOOP_ANALYSIS = YES;
				CLANG_WARN_STRICT_PROTOTYPES = YES;
				CLANG_WARN_SUSPICIOUS_MOVE = YES;
				CLANG_WARN_UNGUARDED_AVAILABILITY = YES_AGGRESSIVE;
				CLANG_WARN_UNREACHABLE_CODE = YES;
				CLANG_WARN__DUPLICATE_METHOD_MATCH = YES;
				COPY_PHASE_STRIP = NO;
				DEBUG_INFORMATION_FORMAT = "dwarf-with-dsym";
				ENABLE_NS_ASSERTIONS = NO;
				ENABLE_STRICT_OBJC_MSGSEND = YES;
				GCC_C_LANGUAGE_STANDARD = gnu11;
				GCC_NO_COMMON_BLOCKS = YES;
				GCC_WARN_64_TO_32_BIT_CONVERSION = YES;
				GCC_WARN_ABOUT_RETURN_TYPE = YES_ERROR;
				GCC_WARN_UNDECLARED_SELECTOR = YES;
				GCC_WARN_UNINITIALIZED_AUTOS = YES_AGGRESSIVE;
				GCC_WARN_UNUSED_FUNCTION = YES;
				GCC_WARN_UNUSED_VARIABLE = YES;
				IPHONEOS_DEPLOYMENT_TARGET = 16.4;
				MTL_ENABLE_DEBUG_INFO = NO;
				MTL_FAST_MATH = YES;
				SDKROOT = iphoneos;
				SWIFT_COMPILATION_MODE = wholemodule;
				SWIFT_OPTIMIZATION_LEVEL = "-O";
				VALIDATE_PRODUCT = YES;
			};
			name = Release;
		};
		A50B05C72AA81E7700DEC394 /* Debug */ = {
			isa = XCBuildConfiguration;
			buildSettings = {
				ASSETCATALOG_COMPILER_APPICON_NAME = AppIcon;
				ASSETCATALOG_COMPILER_GLOBAL_ACCENT_COLOR_NAME = AccentColor;
				CODE_SIGN_STYLE = Automatic;
				CURRENT_PROJECT_VERSION = 1;
				DEVELOPMENT_ASSET_PATHS = "\"OiVision/Preview Content\"";
				DEVELOPMENT_TEAM = A2WPWDA83Q;
				ENABLE_PREVIEWS = YES;
				GENERATE_INFOPLIST_FILE = YES;
				INFOPLIST_KEY_UIApplicationSceneManifest_Generation = YES;
				INFOPLIST_KEY_UIApplicationSupportsIndirectInputEvents = YES;
				INFOPLIST_KEY_UILaunchScreen_Generation = YES;
				INFOPLIST_KEY_UISupportedInterfaceOrientations_iPad = "UIInterfaceOrientationPortrait UIInterfaceOrientationPortraitUpsideDown UIInterfaceOrientationLandscapeLeft UIInterfaceOrientationLandscapeRight";
				INFOPLIST_KEY_UISupportedInterfaceOrientations_iPhone = "UIInterfaceOrientationPortrait UIInterfaceOrientationLandscapeLeft UIInterfaceOrientationLandscapeRight";
				LD_RUNPATH_SEARCH_PATHS = (
					"$(inherited)",
					"@executable_path/Frameworks",
				);
				MARKETING_VERSION = 1.0;
				PRODUCT_BUNDLE_IDENTIFIER = OiCreation.OiVision;
				PRODUCT_NAME = "$(TARGET_NAME)";
				SWIFT_EMIT_LOC_STRINGS = YES;
				SWIFT_VERSION = 5.0;
				TARGETED_DEVICE_FAMILY = "1,2";
			};
			name = Debug;
		};
		A50B05C82AA81E7700DEC394 /* Release */ = {
			isa = XCBuildConfiguration;
			buildSettings = {
				ASSETCATALOG_COMPILER_APPICON_NAME = AppIcon;
				ASSETCATALOG_COMPILER_GLOBAL_ACCENT_COLOR_NAME = AccentColor;
				CODE_SIGN_STYLE = Automatic;
				CURRENT_PROJECT_VERSION = 1;
				DEVELOPMENT_ASSET_PATHS = "\"OiVision/Preview Content\"";
				DEVELOPMENT_TEAM = A2WPWDA83Q;
				ENABLE_PREVIEWS = YES;
				GENERATE_INFOPLIST_FILE = YES;
				INFOPLIST_KEY_UIApplicationSceneManifest_Generation = YES;
				INFOPLIST_KEY_UIApplicationSupportsIndirectInputEvents = YES;
				INFOPLIST_KEY_UILaunchScreen_Generation = YES;
				INFOPLIST_KEY_UISupportedInterfaceOrientations_iPad = "UIInterfaceOrientationPortrait UIInterfaceOrientationPortraitUpsideDown UIInterfaceOrientationLandscapeLeft UIInterfaceOrientationLandscapeRight";
				INFOPLIST_KEY_UISupportedInterfaceOrientations_iPhone = "UIInterfaceOrientationPortrait UIInterfaceOrientationLandscapeLeft UIInterfaceOrientationLandscapeRight";
				LD_RUNPATH_SEARCH_PATHS = (
					"$(inherited)",
					"@executable_path/Frameworks",
				);
				MARKETING_VERSION = 1.0;
				PRODUCT_BUNDLE_IDENTIFIER = OiCreation.OiVision;
				PRODUCT_NAME = "$(TARGET_NAME)";
				SWIFT_EMIT_LOC_STRINGS = YES;
				SWIFT_VERSION = 5.0;
				TARGETED_DEVICE_FAMILY = "1,2";
			};
			name = Release;
		};
		A50B05CA2AA81E7700DEC394 /* Debug */ = {
			isa = XCBuildConfiguration;
			buildSettings = {
				ALWAYS_EMBED_SWIFT_STANDARD_LIBRARIES = YES;
				BUNDLE_LOADER = "$(TEST_HOST)";
				CODE_SIGN_STYLE = Automatic;
				CURRENT_PROJECT_VERSION = 1;
				DEVELOPMENT_TEAM = A2WPWDA83Q;
				GENERATE_INFOPLIST_FILE = YES;
				IPHONEOS_DEPLOYMENT_TARGET = 16.4;
				MARKETING_VERSION = 1.0;
				PRODUCT_BUNDLE_IDENTIFIER = OiCreation.OiVisionTests;
				PRODUCT_NAME = "$(TARGET_NAME)";
				SWIFT_EMIT_LOC_STRINGS = NO;
				SWIFT_VERSION = 5.0;
				TARGETED_DEVICE_FAMILY = "1,2";
				TEST_HOST = "$(BUILT_PRODUCTS_DIR)/OiVision.app/$(BUNDLE_EXECUTABLE_FOLDER_PATH)/OiVision";
			};
			name = Debug;
		};
		A50B05CB2AA81E7700DEC394 /* Release */ = {
			isa = XCBuildConfiguration;
			buildSettings = {
				ALWAYS_EMBED_SWIFT_STANDARD_LIBRARIES = YES;
				BUNDLE_LOADER = "$(TEST_HOST)";
				CODE_SIGN_STYLE = Automatic;
				CURRENT_PROJECT_VERSION = 1;
				DEVELOPMENT_TEAM = A2WPWDA83Q;
				GENERATE_INFOPLIST_FILE = YES;
				IPHONEOS_DEPLOYMENT_TARGET = 16.4;
				MARKETING_VERSION = 1.0;
				PRODUCT_BUNDLE_IDENTIFIER = OiCreation.OiVisionTests;
				PRODUCT_NAME = "$(TARGET_NAME)";
				SWIFT_EMIT_LOC_STRINGS = NO;
				SWIFT_VERSION = 5.0;
				TARGETED_DEVICE_FAMILY = "1,2";
				TEST_HOST = "$(BUILT_PRODUCTS_DIR)/OiVision.app/$(BUNDLE_EXECUTABLE_FOLDER_PATH)/OiVision";
			};
			name = Release;
		};
		A50B05CD2AA81E7700DEC394 /* Debug */ = {
			isa = XCBuildConfiguration;
			buildSettings = {
				ALWAYS_EMBED_SWIFT_STANDARD_LIBRARIES = YES;
				CODE_SIGN_STYLE = Automatic;
				CURRENT_PROJECT_VERSION = 1;
				DEVELOPMENT_TEAM = A2WPWDA83Q;
				GENERATE_INFOPLIST_FILE = YES;
				MARKETING_VERSION = 1.0;
				PRODUCT_BUNDLE_IDENTIFIER = OiCreation.OiVisionUITests;
				PRODUCT_NAME = "$(TARGET_NAME)";
				SWIFT_EMIT_LOC_STRINGS = NO;
				SWIFT_VERSION = 5.0;
				TARGETED_DEVICE_FAMILY = "1,2";
				TEST_TARGET_NAME = OiVision;
			};
			name = Debug;
		};
		A50B05CE2AA81E7700DEC394 /* Release */ = {
			isa = XCBuildConfiguration;
			buildSettings = {
				ALWAYS_EMBED_SWIFT_STANDARD_LIBRARIES = YES;
				CODE_SIGN_STYLE = Automatic;
				CURRENT_PROJECT_VERSION = 1;
				DEVELOPMENT_TEAM = A2WPWDA83Q;
				GENERATE_INFOPLIST_FILE = YES;
				MARKETING_VERSION = 1.0;
				PRODUCT_BUNDLE_IDENTIFIER = OiCreation.OiVisionUITests;
				PRODUCT_NAME = "$(TARGET_NAME)";
				SWIFT_EMIT_LOC_STRINGS = NO;
				SWIFT_VERSION = 5.0;
				TARGETED_DEVICE_FAMILY = "1,2";
				TEST_TARGET_NAME = OiVision;
			};
			name = Release;
		};
/* End XCBuildConfiguration section */

/* Begin XCConfigurationList section */
		A50B059D2AA81E7500DEC394 /* Build configuration list for PBXProject "OiVision" */ = {
			isa = XCConfigurationList;
			buildConfigurations = (
				A50B05C42AA81E7700DEC394 /* Debug */,
				A50B05C52AA81E7700DEC394 /* Release */,
			);
			defaultConfigurationIsVisible = 0;
			defaultConfigurationName = Release;
		};
		A50B05C62AA81E7700DEC394 /* Build configuration list for PBXNativeTarget "OiVision" */ = {
			isa = XCConfigurationList;
			buildConfigurations = (
				A50B05C72AA81E7700DEC394 /* Debug */,
				A50B05C82AA81E7700DEC394 /* Release */,
			);
			defaultConfigurationIsVisible = 0;
			defaultConfigurationName = Release;
		};
		A50B05C92AA81E7700DEC394 /* Build configuration list for PBXNativeTarget "OiVisionTests" */ = {
			isa = XCConfigurationList;
			buildConfigurations = (
				A50B05CA2AA81E7700DEC394 /* Debug */,
				A50B05CB2AA81E7700DEC394 /* Release */,
			);
			defaultConfigurationIsVisible = 0;
			defaultConfigurationName = Release;
		};
		A50B05CC2AA81E7700DEC394 /* Build configuration list for PBXNativeTarget "OiVisionUITests" */ = {
			isa = XCConfigurationList;
			buildConfigurations = (
				A50B05CD2AA81E7700DEC394 /* Debug */,
				A50B05CE2AA81E7700DEC394 /* Release */,
			);
			defaultConfigurationIsVisible = 0;
			defaultConfigurationName = Release;
		};
/* End XCConfigurationList section */
	};
	rootObject = A50B059A2AA81E7500DEC394 /* Project object */;
}
